// !$*UTF8*$!
{
	archiveVersion = 1;
	classes = {
	};
	objectVersion = 46;
	objects = {

/* Begin PBXBuildFile section */
		183727961EEBB9B500F3CF58 /* GoogleService-Info.plist in Resources */ = {isa = PBXBuildFile; fileRef = 183727951EEBB9B500F3CF58 /* GoogleService-Info.plist */; };
		183727981EEBD47B00F3CF58 /* FirebaseManager.swift in Sources */ = {isa = PBXBuildFile; fileRef = 183727971EEBD47B00F3CF58 /* FirebaseManager.swift */; };
		A5F8875FFBE167A7C5E8AABA /* Pods_pifluits.framework in Frameworks */ = {isa = PBXBuildFile; fileRef = A361BD711258C304A5FEBD3C /* Pods_pifluits.framework */; settings = {ATTRIBUTES = (Required, ); }; };
		DE0D63121EFBA62A0017A8D3 /* gradient1.jpg in Resources */ = {isa = PBXBuildFile; fileRef = DE0D63111EFBA62A0017A8D3 /* gradient1.jpg */; };
		DE248F931ED1C99000F7DB87 /* UIColor+colorFromHex.swift in Sources */ = {isa = PBXBuildFile; fileRef = DE248F921ED1C99000F7DB87 /* UIColor+colorFromHex.swift */; };
		DE248F951ED9585E00F7DB87 /* WeatherViewController.swift in Sources */ = {isa = PBXBuildFile; fileRef = DE248F941ED9585E00F7DB87 /* WeatherViewController.swift */; };
		DE3624F91EF3E9170008D843 /* camera_tab.png in Resources */ = {isa = PBXBuildFile; fileRef = DE3624F51EF3E9170008D843 /* camera_tab.png */; };
		DE3624FA1EF3E9170008D843 /* chat_tab.png in Resources */ = {isa = PBXBuildFile; fileRef = DE3624F61EF3E9170008D843 /* chat_tab.png */; };
		DE3624FB1EF3E9170008D843 /* graph_tab.png in Resources */ = {isa = PBXBuildFile; fileRef = DE3624F71EF3E9170008D843 /* graph_tab.png */; };
		DE3624FC1EF3E9170008D843 /* home_tab.png in Resources */ = {isa = PBXBuildFile; fileRef = DE3624F81EF3E9170008D843 /* home_tab.png */; };
		DE3624FE1EF3EC410008D843 /* tabBarSettingViewController.swift in Sources */ = {isa = PBXBuildFile; fileRef = DE3624FD1EF3EC410008D843 /* tabBarSettingViewController.swift */; };
		DE36250B1EF411D60008D843 /* humidity.png in Resources */ = {isa = PBXBuildFile; fileRef = DE3625071EF411D60008D843 /* humidity.png */; };
		DE36250C1EF411D60008D843 /* mercury-thermometer.png in Resources */ = {isa = PBXBuildFile; fileRef = DE3625081EF411D60008D843 /* mercury-thermometer.png */; };
		DE36250E1EF411D60008D843 /* uv-rays-of-sun.png in Resources */ = {isa = PBXBuildFile; fileRef = DE36250A1EF411D60008D843 /* uv-rays-of-sun.png */; };
		DE3625121EF4137D0008D843 /* sprout 3.png in Resources */ = {isa = PBXBuildFile; fileRef = DE3625111EF4137D0008D843 /* sprout 3.png */; };
		DE3625141EF419270008D843 /* about_background.jpg in Resources */ = {isa = PBXBuildFile; fileRef = DE3625131EF419270008D843 /* about_background.jpg */; };
		DE36251A1EF43E120008D843 /* red_plants2.jpg in Resources */ = {isa = PBXBuildFile; fileRef = DE3625191EF43E120008D843 /* red_plants2.jpg */; };
		DE36251E1EF4EFFB0008D843 /* ExapmleViewController.swift in Sources */ = {isa = PBXBuildFile; fileRef = DE36251D1EF4EFFB0008D843 /* ExapmleViewController.swift */; };
		DE3625241EF52EF00008D843 /* leaf2.png in Resources */ = {isa = PBXBuildFile; fileRef = DE3625231EF52EF00008D843 /* leaf2.png */; };
		DE3625301EF554870008D843 /* leaf3.png in Resources */ = {isa = PBXBuildFile; fileRef = DE36252F1EF554870008D843 /* leaf3.png */; };
		DE3D6D561EE263E900D11F3C /* RealDataGraphViewController.swift in Sources */ = {isa = PBXBuildFile; fileRef = DE3D6D551EE263E900D11F3C /* RealDataGraphViewController.swift */; };
		DE3D6D581EE407F800D11F3C /* UserDefaultViewController.swift in Sources */ = {isa = PBXBuildFile; fileRef = DE3D6D571EE407F800D11F3C /* UserDefaultViewController.swift */; };
		DE3D6D5A1EE7F19400D11F3C /* UserDefaults2ViewController.swift in Sources */ = {isa = PBXBuildFile; fileRef = DE3D6D591EE7F19400D11F3C /* UserDefaults2ViewController.swift */; };
		DE508BD91EF793B10008F91A /* monstella.jpg in Resources */ = {isa = PBXBuildFile; fileRef = DE508BD81EF793B10008F91A /* monstella.jpg */; };
		DE508BDB1EF795F40008F91A /* fukidashi.png in Resources */ = {isa = PBXBuildFile; fileRef = DE508BDA1EF795F40008F91A /* fukidashi.png */; };
		DE508BE11EF7A6D50008F91A /* frame_black.png in Resources */ = {isa = PBXBuildFile; fileRef = DE508BE01EF7A6D50008F91A /* frame_black.png */; };
		DE508BE51EF7B12B0008F91A /* sweatpea.png in Resources */ = {isa = PBXBuildFile; fileRef = DE508BE41EF7B12B0008F91A /* sweatpea.png */; };
		DE508BED1EF7C67E0008F91A /* pencilcactus.jpg in Resources */ = {isa = PBXBuildFile; fileRef = DE508BEC1EF7C67E0008F91A /* pencilcactus.jpg */; };
		DE508BF11EF7D63A0008F91A /* fukidashi2.png in Resources */ = {isa = PBXBuildFile; fileRef = DE508BF01EF7D63A0008F91A /* fukidashi2.png */; };
		DE508BF31EFA0D290008F91A /* ActiveIndicatorViewController.swift in Sources */ = {isa = PBXBuildFile; fileRef = DE508BF21EFA0D290008F91A /* ActiveIndicatorViewController.swift */; };
		DE79BF891EF0FF5300CAA40D /* WeatherDataManager.swift in Sources */ = {isa = PBXBuildFile; fileRef = DE79BF881EF0FF5300CAA40D /* WeatherDataManager.swift */; };
		DE79BF8B1EF100BA00CAA40D /* WeatherDataModel.swift in Sources */ = {isa = PBXBuildFile; fileRef = DE79BF8A1EF100BA00CAA40D /* WeatherDataModel.swift */; };
		DE79BF8F1EF1177700CAA40D /* cloudy-3.png in Resources */ = {isa = PBXBuildFile; fileRef = DE79BF8C1EF1177700CAA40D /* cloudy-3.png */; };
		DE79BF901EF1177700CAA40D /* rainy-2.png in Resources */ = {isa = PBXBuildFile; fileRef = DE79BF8D1EF1177700CAA40D /* rainy-2.png */; };
		DE79BF911EF1177700CAA40D /* sunny.png in Resources */ = {isa = PBXBuildFile; fileRef = DE79BF8E1EF1177700CAA40D /* sunny.png */; };
		DE952B6B1EEA8299005A6B9E /* ok.png in Resources */ = {isa = PBXBuildFile; fileRef = DE952B6A1EEA8299005A6B9E /* ok.png */; };
		DE99ADA71EDC0E1D00B60AC3 /* FirebaseViewController.swift in Sources */ = {isa = PBXBuildFile; fileRef = DE99ADA61EDC0E1D00B60AC3 /* FirebaseViewController.swift */; };
		DEB790DB1EC7F12F004FE1DA /* AppDelegate.swift in Sources */ = {isa = PBXBuildFile; fileRef = DEB790DA1EC7F12F004FE1DA /* AppDelegate.swift */; };
		DEB790DD1EC7F12F004FE1DA /* ViewController.swift in Sources */ = {isa = PBXBuildFile; fileRef = DEB790DC1EC7F12F004FE1DA /* ViewController.swift */; };
		DEB790E01EC7F12F004FE1DA /* Main.storyboard in Resources */ = {isa = PBXBuildFile; fileRef = DEB790DE1EC7F12F004FE1DA /* Main.storyboard */; };
		DEB790E31EC7F12F004FE1DA /* pifluits.xcdatamodeld in Sources */ = {isa = PBXBuildFile; fileRef = DEB790E11EC7F12F004FE1DA /* pifluits.xcdatamodeld */; };
		DEB790E51EC7F12F004FE1DA /* Assets.xcassets in Resources */ = {isa = PBXBuildFile; fileRef = DEB790E41EC7F12F004FE1DA /* Assets.xcassets */; };
		DEB790E81EC7F12F004FE1DA /* LaunchScreen.storyboard in Resources */ = {isa = PBXBuildFile; fileRef = DEB790E61EC7F12F004FE1DA /* LaunchScreen.storyboard */; };
		DEB790F41EC851FC004FE1DA /* LoginViewController.swift in Sources */ = {isa = PBXBuildFile; fileRef = DEB790F31EC851FB004FE1DA /* LoginViewController.swift */; };
		DED9AFDD1ECAD2EF00601606 /* RegisterViewController.swift in Sources */ = {isa = PBXBuildFile; fileRef = DED9AFDC1ECAD2EF00601606 /* RegisterViewController.swift */; };
		DED9AFDF1ECAFFC700601606 /* HomeViewController.swift in Sources */ = {isa = PBXBuildFile; fileRef = DED9AFDE1ECAFFC700601606 /* HomeViewController.swift */; };
		DED9AFE11ECAFFF600601606 /* ChatViewController.swift in Sources */ = {isa = PBXBuildFile; fileRef = DED9AFE01ECAFFF600601606 /* ChatViewController.swift */; };
		DED9AFE31ECB000600601606 /* GraphViewController.swift in Sources */ = {isa = PBXBuildFile; fileRef = DED9AFE21ECB000600601606 /* GraphViewController.swift */; };
		DED9AFE51ECB002800601606 /* CameraViewController.swift in Sources */ = {isa = PBXBuildFile; fileRef = DED9AFE41ECB002800601606 /* CameraViewController.swift */; };
/* End PBXBuildFile section */

/* Begin PBXFileReference section */
		003A963B03621A266672C7E7 /* Pods-pifluits.debug.xcconfig */ = {isa = PBXFileReference; includeInIndex = 1; lastKnownFileType = text.xcconfig; name = "Pods-pifluits.debug.xcconfig"; path = "Pods/Target Support Files/Pods-pifluits/Pods-pifluits.debug.xcconfig"; sourceTree = "<group>"; };
		183727951EEBB9B500F3CF58 /* GoogleService-Info.plist */ = {isa = PBXFileReference; fileEncoding = 4; lastKnownFileType = text.plist.xml; path = "GoogleService-Info.plist"; sourceTree = "<group>"; };
		183727971EEBD47B00F3CF58 /* FirebaseManager.swift */ = {isa = PBXFileReference; fileEncoding = 4; lastKnownFileType = sourcecode.swift; path = FirebaseManager.swift; sourceTree = "<group>"; };
		A361BD711258C304A5FEBD3C /* Pods_pifluits.framework */ = {isa = PBXFileReference; explicitFileType = wrapper.framework; includeInIndex = 0; path = Pods_pifluits.framework; sourceTree = BUILT_PRODUCTS_DIR; };
		C72E6FF53CF18378169418E5 /* Pods-pifluits.release.xcconfig */ = {isa = PBXFileReference; includeInIndex = 1; lastKnownFileType = text.xcconfig; name = "Pods-pifluits.release.xcconfig"; path = "Pods/Target Support Files/Pods-pifluits/Pods-pifluits.release.xcconfig"; sourceTree = "<group>"; };
		DE0D63111EFBA62A0017A8D3 /* gradient1.jpg */ = {isa = PBXFileReference; lastKnownFileType = image.jpeg; path = gradient1.jpg; sourceTree = "<group>"; };
		DE248F921ED1C99000F7DB87 /* UIColor+colorFromHex.swift */ = {isa = PBXFileReference; fileEncoding = 4; lastKnownFileType = sourcecode.swift; path = "UIColor+colorFromHex.swift"; sourceTree = "<group>"; };
		DE248F941ED9585E00F7DB87 /* WeatherViewController.swift */ = {isa = PBXFileReference; fileEncoding = 4; lastKnownFileType = sourcecode.swift; path = WeatherViewController.swift; sourceTree = "<group>"; };
		DE3624F51EF3E9170008D843 /* camera_tab.png */ = {isa = PBXFileReference; lastKnownFileType = image.png; path = camera_tab.png; sourceTree = "<group>"; };
		DE3624F61EF3E9170008D843 /* chat_tab.png */ = {isa = PBXFileReference; lastKnownFileType = image.png; path = chat_tab.png; sourceTree = "<group>"; };
		DE3624F71EF3E9170008D843 /* graph_tab.png */ = {isa = PBXFileReference; lastKnownFileType = image.png; path = graph_tab.png; sourceTree = "<group>"; };
		DE3624F81EF3E9170008D843 /* home_tab.png */ = {isa = PBXFileReference; lastKnownFileType = image.png; path = home_tab.png; sourceTree = "<group>"; };
		DE3624FD1EF3EC410008D843 /* tabBarSettingViewController.swift */ = {isa = PBXFileReference; fileEncoding = 4; lastKnownFileType = sourcecode.swift; path = tabBarSettingViewController.swift; sourceTree = "<group>"; };
		DE3625071EF411D60008D843 /* humidity.png */ = {isa = PBXFileReference; lastKnownFileType = image.png; path = humidity.png; sourceTree = "<group>"; };
		DE3625081EF411D60008D843 /* mercury-thermometer.png */ = {isa = PBXFileReference; lastKnownFileType = image.png; path = "mercury-thermometer.png"; sourceTree = "<group>"; };
		DE36250A1EF411D60008D843 /* uv-rays-of-sun.png */ = {isa = PBXFileReference; lastKnownFileType = image.png; path = "uv-rays-of-sun.png"; sourceTree = "<group>"; };
		DE3625111EF4137D0008D843 /* sprout 3.png */ = {isa = PBXFileReference; lastKnownFileType = image.png; path = "sprout 3.png"; sourceTree = "<group>"; };
		DE3625131EF419270008D843 /* about_background.jpg */ = {isa = PBXFileReference; lastKnownFileType = image.jpeg; path = about_background.jpg; sourceTree = "<group>"; };
		DE3625191EF43E120008D843 /* red_plants2.jpg */ = {isa = PBXFileReference; lastKnownFileType = image.jpeg; path = red_plants2.jpg; sourceTree = "<group>"; };
		DE36251D1EF4EFFB0008D843 /* ExapmleViewController.swift */ = {isa = PBXFileReference; fileEncoding = 4; lastKnownFileType = sourcecode.swift; path = ExapmleViewController.swift; sourceTree = "<group>"; };
		DE3625231EF52EF00008D843 /* leaf2.png */ = {isa = PBXFileReference; lastKnownFileType = image.png; path = leaf2.png; sourceTree = "<group>"; };
		DE36252F1EF554870008D843 /* leaf3.png */ = {isa = PBXFileReference; lastKnownFileType = image.png; path = leaf3.png; sourceTree = "<group>"; };
		DE3D6D551EE263E900D11F3C /* RealDataGraphViewController.swift */ = {isa = PBXFileReference; fileEncoding = 4; lastKnownFileType = sourcecode.swift; path = RealDataGraphViewController.swift; sourceTree = "<group>"; };
		DE3D6D571EE407F800D11F3C /* UserDefaultViewController.swift */ = {isa = PBXFileReference; fileEncoding = 4; lastKnownFileType = sourcecode.swift; path = UserDefaultViewController.swift; sourceTree = "<group>"; };
		DE3D6D591EE7F19400D11F3C /* UserDefaults2ViewController.swift */ = {isa = PBXFileReference; fileEncoding = 4; lastKnownFileType = sourcecode.swift; path = UserDefaults2ViewController.swift; sourceTree = "<group>"; };
		DE508BD81EF793B10008F91A /* monstella.jpg */ = {isa = PBXFileReference; lastKnownFileType = image.jpeg; path = monstella.jpg; sourceTree = "<group>"; };
		DE508BDA1EF795F40008F91A /* fukidashi.png */ = {isa = PBXFileReference; lastKnownFileType = image.png; path = fukidashi.png; sourceTree = "<group>"; };
		DE508BE01EF7A6D50008F91A /* frame_black.png */ = {isa = PBXFileReference; lastKnownFileType = image.png; path = frame_black.png; sourceTree = "<group>"; };
		DE508BE41EF7B12B0008F91A /* sweatpea.png */ = {isa = PBXFileReference; lastKnownFileType = image.png; path = sweatpea.png; sourceTree = "<group>"; };
		DE508BEC1EF7C67E0008F91A /* pencilcactus.jpg */ = {isa = PBXFileReference; lastKnownFileType = image.jpeg; path = pencilcactus.jpg; sourceTree = "<group>"; };
		DE508BF01EF7D63A0008F91A /* fukidashi2.png */ = {isa = PBXFileReference; lastKnownFileType = image.png; path = fukidashi2.png; sourceTree = "<group>"; };
		DE508BF21EFA0D290008F91A /* ActiveIndicatorViewController.swift */ = {isa = PBXFileReference; fileEncoding = 4; lastKnownFileType = sourcecode.swift; path = ActiveIndicatorViewController.swift; sourceTree = "<group>"; };
		DE79BF881EF0FF5300CAA40D /* WeatherDataManager.swift */ = {isa = PBXFileReference; fileEncoding = 4; lastKnownFileType = sourcecode.swift; path = WeatherDataManager.swift; sourceTree = "<group>"; };
		DE79BF8A1EF100BA00CAA40D /* WeatherDataModel.swift */ = {isa = PBXFileReference; fileEncoding = 4; lastKnownFileType = sourcecode.swift; path = WeatherDataModel.swift; sourceTree = "<group>"; };
		DE79BF8C1EF1177700CAA40D /* cloudy-3.png */ = {isa = PBXFileReference; lastKnownFileType = image.png; path = "cloudy-3.png"; sourceTree = "<group>"; };
		DE79BF8D1EF1177700CAA40D /* rainy-2.png */ = {isa = PBXFileReference; lastKnownFileType = image.png; path = "rainy-2.png"; sourceTree = "<group>"; };
		DE79BF8E1EF1177700CAA40D /* sunny.png */ = {isa = PBXFileReference; lastKnownFileType = image.png; path = sunny.png; sourceTree = "<group>"; };
		DE952B6A1EEA8299005A6B9E /* ok.png */ = {isa = PBXFileReference; lastKnownFileType = image.png; path = ok.png; sourceTree = "<group>"; };
		DE99ADA61EDC0E1D00B60AC3 /* FirebaseViewController.swift */ = {isa = PBXFileReference; fileEncoding = 4; lastKnownFileType = sourcecode.swift; path = FirebaseViewController.swift; sourceTree = "<group>"; };
		DEB790D71EC7F12F004FE1DA /* pifluits.app */ = {isa = PBXFileReference; explicitFileType = wrapper.application; includeInIndex = 0; path = pifluits.app; sourceTree = BUILT_PRODUCTS_DIR; };
		DEB790DA1EC7F12F004FE1DA /* AppDelegate.swift */ = {isa = PBXFileReference; lastKnownFileType = sourcecode.swift; path = AppDelegate.swift; sourceTree = "<group>"; };
		DEB790DC1EC7F12F004FE1DA /* ViewController.swift */ = {isa = PBXFileReference; lastKnownFileType = sourcecode.swift; path = ViewController.swift; sourceTree = "<group>"; };
		DEB790DF1EC7F12F004FE1DA /* Base */ = {isa = PBXFileReference; lastKnownFileType = file.storyboard; name = Base; path = Base.lproj/Main.storyboard; sourceTree = "<group>"; };
		DEB790E21EC7F12F004FE1DA /* pifluits.xcdatamodel */ = {isa = PBXFileReference; lastKnownFileType = wrapper.xcdatamodel; path = pifluits.xcdatamodel; sourceTree = "<group>"; };
		DEB790E41EC7F12F004FE1DA /* Assets.xcassets */ = {isa = PBXFileReference; lastKnownFileType = folder.assetcatalog; path = Assets.xcassets; sourceTree = "<group>"; };
		DEB790E71EC7F12F004FE1DA /* Base */ = {isa = PBXFileReference; lastKnownFileType = file.storyboard; name = Base; path = Base.lproj/LaunchScreen.storyboard; sourceTree = "<group>"; };
		DEB790E91EC7F12F004FE1DA /* Info.plist */ = {isa = PBXFileReference; lastKnownFileType = text.plist.xml; path = Info.plist; sourceTree = "<group>"; };
		DEB790F31EC851FB004FE1DA /* LoginViewController.swift */ = {isa = PBXFileReference; fileEncoding = 4; lastKnownFileType = sourcecode.swift; path = LoginViewController.swift; sourceTree = "<group>"; };
		DED9AFDC1ECAD2EF00601606 /* RegisterViewController.swift */ = {isa = PBXFileReference; fileEncoding = 4; lastKnownFileType = sourcecode.swift; path = RegisterViewController.swift; sourceTree = "<group>"; };
		DED9AFDE1ECAFFC700601606 /* HomeViewController.swift */ = {isa = PBXFileReference; fileEncoding = 4; lastKnownFileType = sourcecode.swift; path = HomeViewController.swift; sourceTree = "<group>"; };
		DED9AFE01ECAFFF600601606 /* ChatViewController.swift */ = {isa = PBXFileReference; fileEncoding = 4; lastKnownFileType = sourcecode.swift; path = ChatViewController.swift; sourceTree = "<group>"; };
		DED9AFE21ECB000600601606 /* GraphViewController.swift */ = {isa = PBXFileReference; fileEncoding = 4; lastKnownFileType = sourcecode.swift; path = GraphViewController.swift; sourceTree = "<group>"; };
		DED9AFE41ECB002800601606 /* CameraViewController.swift */ = {isa = PBXFileReference; fileEncoding = 4; lastKnownFileType = sourcecode.swift; path = CameraViewController.swift; sourceTree = "<group>"; };
/* End PBXFileReference section */

/* Begin PBXFrameworksBuildPhase section */
		DEB790D41EC7F12F004FE1DA /* Frameworks */ = {
			isa = PBXFrameworksBuildPhase;
			buildActionMask = 2147483647;
			files = (
				A5F8875FFBE167A7C5E8AABA /* Pods_pifluits.framework in Frameworks */,
			);
			runOnlyForDeploymentPostprocessing = 0;
		};
/* End PBXFrameworksBuildPhase section */

/* Begin PBXGroup section */
		02DC3752818033299DCB9EF6 /* Frameworks */ = {
			isa = PBXGroup;
			children = (
				A361BD711258C304A5FEBD3C /* Pods_pifluits.framework */,
			);
			name = Frameworks;
			sourceTree = "<group>";
		};
		CB70CCBFF333DB1CA33172C1 /* Pods */ = {
			isa = PBXGroup;
			children = (
				003A963B03621A266672C7E7 /* Pods-pifluits.debug.xcconfig */,
				C72E6FF53CF18378169418E5 /* Pods-pifluits.release.xcconfig */,
			);
			name = Pods;
			sourceTree = "<group>";
		};
		DEB790CE1EC7F12E004FE1DA = {
			isa = PBXGroup;
			children = (
				DEB790D91EC7F12F004FE1DA /* pifluits */,
				DEB790D81EC7F12F004FE1DA /* Products */,
				CB70CCBFF333DB1CA33172C1 /* Pods */,
				02DC3752818033299DCB9EF6 /* Frameworks */,
			);
			sourceTree = "<group>";
		};
		DEB790D81EC7F12F004FE1DA /* Products */ = {
			isa = PBXGroup;
			children = (
				DEB790D71EC7F12F004FE1DA /* pifluits.app */,
			);
			name = Products;
			sourceTree = "<group>";
		};
		DEB790D91EC7F12F004FE1DA /* pifluits */ = {
			isa = PBXGroup;
			children = (
				DEB790DA1EC7F12F004FE1DA /* AppDelegate.swift */,
				DEB790DC1EC7F12F004FE1DA /* ViewController.swift */,
				DEB790F31EC851FB004FE1DA /* LoginViewController.swift */,
				DED9AFDC1ECAD2EF00601606 /* RegisterViewController.swift */,
				DED9AFDE1ECAFFC700601606 /* HomeViewController.swift */,
				DED9AFE01ECAFFF600601606 /* ChatViewController.swift */,
				DED9AFE21ECB000600601606 /* GraphViewController.swift */,
				DED9AFE41ECB002800601606 /* CameraViewController.swift */,
				DE248F921ED1C99000F7DB87 /* UIColor+colorFromHex.swift */,
				DE3624FD1EF3EC410008D843 /* tabBarSettingViewController.swift */,
				DE508BF21EFA0D290008F91A /* ActiveIndicatorViewController.swift */,
				DEB790DE1EC7F12F004FE1DA /* Main.storyboard */,
				DEB790E41EC7F12F004FE1DA /* Assets.xcassets */,
				DEB790E61EC7F12F004FE1DA /* LaunchScreen.storyboard */,
				183727951EEBB9B500F3CF58 /* GoogleService-Info.plist */,
				DEB790E91EC7F12F004FE1DA /* Info.plist */,
				DEB790E11EC7F12F004FE1DA /* pifluits.xcdatamodeld */,
				DE248F941ED9585E00F7DB87 /* WeatherViewController.swift */,
				DE79BF881EF0FF5300CAA40D /* WeatherDataManager.swift */,
				DE79BF8A1EF100BA00CAA40D /* WeatherDataModel.swift */,
				DE99ADA61EDC0E1D00B60AC3 /* FirebaseViewController.swift */,
				183727971EEBD47B00F3CF58 /* FirebaseManager.swift */,
				DE3D6D551EE263E900D11F3C /* RealDataGraphViewController.swift */,
				DE3D6D571EE407F800D11F3C /* UserDefaultViewController.swift */,
				DE3D6D591EE7F19400D11F3C /* UserDefaults2ViewController.swift */,
				DE36251D1EF4EFFB0008D843 /* ExapmleViewController.swift */,
				DE0D63111EFBA62A0017A8D3 /* gradient1.jpg */,
				DE508BEC1EF7C67E0008F91A /* pencilcactus.jpg */,
				DE508BF01EF7D63A0008F91A /* fukidashi2.png */,
				DE508BE01EF7A6D50008F91A /* frame_black.png */,
				DE508BE41EF7B12B0008F91A /* sweatpea.png */,
				DE508BDA1EF795F40008F91A /* fukidashi.png */,
				DE508BD81EF793B10008F91A /* monstella.jpg */,
				DE3625231EF52EF00008D843 /* leaf2.png */,
				DE36252F1EF554870008D843 /* leaf3.png */,
				DE3625131EF419270008D843 /* about_background.jpg */,
				DE3625191EF43E120008D843 /* red_plants2.jpg */,
				DE3625111EF4137D0008D843 /* sprout 3.png */,
				DE3625071EF411D60008D843 /* humidity.png */,
				DE3625081EF411D60008D843 /* mercury-thermometer.png */,
				DE36250A1EF411D60008D843 /* uv-rays-of-sun.png */,
				DE3624F51EF3E9170008D843 /* camera_tab.png */,
				DE3624F61EF3E9170008D843 /* chat_tab.png */,
				DE3624F71EF3E9170008D843 /* graph_tab.png */,
				DE3624F81EF3E9170008D843 /* home_tab.png */,
				DE79BF8C1EF1177700CAA40D /* cloudy-3.png */,
				DE79BF8D1EF1177700CAA40D /* rainy-2.png */,
				DE79BF8E1EF1177700CAA40D /* sunny.png */,
				DE952B6A1EEA8299005A6B9E /* ok.png */,
			);
			path = pifluits;
			sourceTree = "<group>";
		};
/* End PBXGroup section */

/* Begin PBXNativeTarget section */
		DEB790D61EC7F12F004FE1DA /* pifluits */ = {
			isa = PBXNativeTarget;
			buildConfigurationList = DEB790EC1EC7F12F004FE1DA /* Build configuration list for PBXNativeTarget "pifluits" */;
			buildPhases = (
				F4D83CCDDAE83F105CC91E5F /* [CP] Check Pods Manifest.lock */,
				DEB790D31EC7F12F004FE1DA /* Sources */,
				DEB790D41EC7F12F004FE1DA /* Frameworks */,
				DEB790D51EC7F12F004FE1DA /* Resources */,
				9A04A5514FB546D984E99A75 /* [CP] Embed Pods Frameworks */,
				59120912D99A6A77E0C73F0F /* [CP] Copy Pods Resources */,
			);
			buildRules = (
			);
			dependencies = (
			);
			name = pifluits;
			productName = pifluits;
			productReference = DEB790D71EC7F12F004FE1DA /* pifluits.app */;
			productType = "com.apple.product-type.application";
		};
/* End PBXNativeTarget section */

/* Begin PBXProject section */
		DEB790CF1EC7F12F004FE1DA /* Project object */ = {
			isa = PBXProject;
			attributes = {
				LastSwiftUpdateCheck = 0820;
				LastUpgradeCheck = 0820;
				ORGANIZATIONNAME = yumiH;
				TargetAttributes = {
					DEB790D61EC7F12F004FE1DA = {
						CreatedOnToolsVersion = 8.2.1;
						DevelopmentTeam = V4HHTE5HWR;
						ProvisioningStyle = Automatic;
					};
				};
			};
			buildConfigurationList = DEB790D21EC7F12F004FE1DA /* Build configuration list for PBXProject "pifluits" */;
			compatibilityVersion = "Xcode 3.2";
			developmentRegion = English;
			hasScannedForEncodings = 0;
			knownRegions = (
				en,
				Base,
			);
			mainGroup = DEB790CE1EC7F12E004FE1DA;
			productRefGroup = DEB790D81EC7F12F004FE1DA /* Products */;
			projectDirPath = "";
			projectRoot = "";
			targets = (
				DEB790D61EC7F12F004FE1DA /* pifluits */,
			);
		};
/* End PBXProject section */

/* Begin PBXResourcesBuildPhase section */
		DEB790D51EC7F12F004FE1DA /* Resources */ = {
			isa = PBXResourcesBuildPhase;
			buildActionMask = 2147483647;
			files = (
				DE508BDB1EF795F40008F91A /* fukidashi.png in Resources */,
				DE508BED1EF7C67E0008F91A /* pencilcactus.jpg in Resources */,
				DE3624FB1EF3E9170008D843 /* graph_tab.png in Resources */,
				DE36250E1EF411D60008D843 /* uv-rays-of-sun.png in Resources */,
				DE3625121EF4137D0008D843 /* sprout 3.png in Resources */,
				DE79BF911EF1177700CAA40D /* sunny.png in Resources */,
				DE508BE11EF7A6D50008F91A /* frame_black.png in Resources */,
				DE508BF11EF7D63A0008F91A /* fukidashi2.png in Resources */,
				DE3624FC1EF3E9170008D843 /* home_tab.png in Resources */,
				DE0D63121EFBA62A0017A8D3 /* gradient1.jpg in Resources */,
				DE952B6B1EEA8299005A6B9E /* ok.png in Resources */,
				DE36251A1EF43E120008D843 /* red_plants2.jpg in Resources */,
				DE508BE51EF7B12B0008F91A /* sweatpea.png in Resources */,
				DE3625141EF419270008D843 /* about_background.jpg in Resources */,
				DE508BD91EF793B10008F91A /* monstella.jpg in Resources */,
				DEB790E81EC7F12F004FE1DA /* LaunchScreen.storyboard in Resources */,
				DE79BF8F1EF1177700CAA40D /* cloudy-3.png in Resources */,
				DE36250C1EF411D60008D843 /* mercury-thermometer.png in Resources */,
				DEB790E51EC7F12F004FE1DA /* Assets.xcassets in Resources */,
				DE79BF901EF1177700CAA40D /* rainy-2.png in Resources */,
				DE3625301EF554870008D843 /* leaf3.png in Resources */,
				DE3624F91EF3E9170008D843 /* camera_tab.png in Resources */,
				DE36250B1EF411D60008D843 /* humidity.png in Resources */,
				DE3625241EF52EF00008D843 /* leaf2.png in Resources */,
				DE3624FA1EF3E9170008D843 /* chat_tab.png in Resources */,
				DEB790E01EC7F12F004FE1DA /* Main.storyboard in Resources */,
				183727961EEBB9B500F3CF58 /* GoogleService-Info.plist in Resources */,
			);
			runOnlyForDeploymentPostprocessing = 0;
		};
/* End PBXResourcesBuildPhase section */

/* Begin PBXShellScriptBuildPhase section */
		59120912D99A6A77E0C73F0F /* [CP] Copy Pods Resources */ = {
			isa = PBXShellScriptBuildPhase;
			buildActionMask = 2147483647;
			files = (
			);
			inputPaths = (
			);
			name = "[CP] Copy Pods Resources";
			outputPaths = (
			);
			runOnlyForDeploymentPostprocessing = 0;
			shellPath = /bin/sh;
			shellScript = "\"${SRCROOT}/Pods/Target Support Files/Pods-pifluits/Pods-pifluits-resources.sh\"\n";
			showEnvVarsInLog = 0;
		};
		9A04A5514FB546D984E99A75 /* [CP] Embed Pods Frameworks */ = {
			isa = PBXShellScriptBuildPhase;
			buildActionMask = 2147483647;
			files = (
			);
			inputPaths = (
			);
			name = "[CP] Embed Pods Frameworks";
			outputPaths = (
			);
			runOnlyForDeploymentPostprocessing = 0;
			shellPath = /bin/sh;
			shellScript = "\"${SRCROOT}/Pods/Target Support Files/Pods-pifluits/Pods-pifluits-frameworks.sh\"\n";
			showEnvVarsInLog = 0;
		};
		F4D83CCDDAE83F105CC91E5F /* [CP] Check Pods Manifest.lock */ = {
			isa = PBXShellScriptBuildPhase;
			buildActionMask = 2147483647;
			files = (
			);
			inputPaths = (
			);
			name = "[CP] Check Pods Manifest.lock";
			outputPaths = (
			);
			runOnlyForDeploymentPostprocessing = 0;
			shellPath = /bin/sh;
			shellScript = "diff \"${PODS_PODFILE_DIR_PATH}/Podfile.lock\" \"${PODS_ROOT}/Manifest.lock\" > /dev/null\nif [ $? != 0 ] ; then\n    # print error to STDERR\n    echo \"error: The sandbox is not in sync with the Podfile.lock. Run 'pod install' or update your CocoaPods installation.\" >&2\n    exit 1\nfi\n";
			showEnvVarsInLog = 0;
		};
/* End PBXShellScriptBuildPhase section */

/* Begin PBXSourcesBuildPhase section */
		DEB790D31EC7F12F004FE1DA /* Sources */ = {
			isa = PBXSourcesBuildPhase;
			buildActionMask = 2147483647;
			files = (
				DE248F931ED1C99000F7DB87 /* UIColor+colorFromHex.swift in Sources */,
				DE3D6D5A1EE7F19400D11F3C /* UserDefaults2ViewController.swift in Sources */,
				DEB790F41EC851FC004FE1DA /* LoginViewController.swift in Sources */,
				DED9AFDD1ECAD2EF00601606 /* RegisterViewController.swift in Sources */,
				DE99ADA71EDC0E1D00B60AC3 /* FirebaseViewController.swift in Sources */,
				DE3D6D561EE263E900D11F3C /* RealDataGraphViewController.swift in Sources */,
				DEB790E31EC7F12F004FE1DA /* pifluits.xcdatamodeld in Sources */,
				DE508BF31EFA0D290008F91A /* ActiveIndicatorViewController.swift in Sources */,
				DED9AFE11ECAFFF600601606 /* ChatViewController.swift in Sources */,
				DEB790DD1EC7F12F004FE1DA /* ViewController.swift in Sources */,
				DED9AFE31ECB000600601606 /* GraphViewController.swift in Sources */,
				DEB790DB1EC7F12F004FE1DA /* AppDelegate.swift in Sources */,
				DED9AFDF1ECAFFC700601606 /* HomeViewController.swift in Sources */,
				183727981EEBD47B00F3CF58 /* FirebaseManager.swift in Sources */,
				DE36251E1EF4EFFB0008D843 /* ExapmleViewController.swift in Sources */,
				DE79BF891EF0FF5300CAA40D /* WeatherDataManager.swift in Sources */,
				DE79BF8B1EF100BA00CAA40D /* WeatherDataModel.swift in Sources */,
				DE3624FE1EF3EC410008D843 /* tabBarSettingViewController.swift in Sources */,
				DE3D6D581EE407F800D11F3C /* UserDefaultViewController.swift in Sources */,
				DED9AFE51ECB002800601606 /* CameraViewController.swift in Sources */,
				DE248F951ED9585E00F7DB87 /* WeatherViewController.swift in Sources */,
			);
			runOnlyForDeploymentPostprocessing = 0;
		};
/* End PBXSourcesBuildPhase section */

/* Begin PBXVariantGroup section */
		DEB790DE1EC7F12F004FE1DA /* Main.storyboard */ = {
			isa = PBXVariantGroup;
			children = (
				DEB790DF1EC7F12F004FE1DA /* Base */,
			);
			name = Main.storyboard;
			sourceTree = "<group>";
		};
		DEB790E61EC7F12F004FE1DA /* LaunchScreen.storyboard */ = {
			isa = PBXVariantGroup;
			children = (
				DEB790E71EC7F12F004FE1DA /* Base */,
			);
			name = LaunchScreen.storyboard;
			sourceTree = "<group>";
		};
/* End PBXVariantGroup section */

/* Begin XCBuildConfiguration section */
		DEB790EA1EC7F12F004FE1DA /* Debug */ = {
			isa = XCBuildConfiguration;
			buildSettings = {
				ALWAYS_SEARCH_USER_PATHS = NO;
				CLANG_ANALYZER_NONNULL = YES;
				CLANG_CXX_LANGUAGE_STANDARD = "gnu++0x";
				CLANG_CXX_LIBRARY = "libc++";
				CLANG_ENABLE_MODULES = YES;
				CLANG_ENABLE_OBJC_ARC = YES;
				CLANG_WARN_BOOL_CONVERSION = YES;
				CLANG_WARN_CONSTANT_CONVERSION = YES;
				CLANG_WARN_DIRECT_OBJC_ISA_USAGE = YES_ERROR;
				CLANG_WARN_DOCUMENTATION_COMMENTS = YES;
				CLANG_WARN_EMPTY_BODY = YES;
				CLANG_WARN_ENUM_CONVERSION = YES;
				CLANG_WARN_INFINITE_RECURSION = YES;
				CLANG_WARN_INT_CONVERSION = YES;
				CLANG_WARN_OBJC_ROOT_CLASS = YES_ERROR;
				CLANG_WARN_SUSPICIOUS_MOVE = YES;
				CLANG_WARN_UNREACHABLE_CODE = YES;
				CLANG_WARN__DUPLICATE_METHOD_MATCH = YES;
				"CODE_SIGN_IDENTITY[sdk=iphoneos*]" = "iPhone Developer";
				COPY_PHASE_STRIP = NO;
				DEBUG_INFORMATION_FORMAT = dwarf;
				ENABLE_STRICT_OBJC_MSGSEND = YES;
				ENABLE_TESTABILITY = YES;
				GCC_C_LANGUAGE_STANDARD = gnu99;
				GCC_DYNAMIC_NO_PIC = NO;
				GCC_NO_COMMON_BLOCKS = YES;
				GCC_OPTIMIZATION_LEVEL = 0;
				GCC_PREPROCESSOR_DEFINITIONS = (
					"DEBUG=1",
					"$(inherited)",
				);
				GCC_WARN_64_TO_32_BIT_CONVERSION = YES;
				GCC_WARN_ABOUT_RETURN_TYPE = YES_ERROR;
				GCC_WARN_UNDECLARED_SELECTOR = YES;
				GCC_WARN_UNINITIALIZED_AUTOS = YES_AGGRESSIVE;
				GCC_WARN_UNUSED_FUNCTION = YES;
				GCC_WARN_UNUSED_VARIABLE = YES;
				IPHONEOS_DEPLOYMENT_TARGET = 10.2;
				MTL_ENABLE_DEBUG_INFO = YES;
				ONLY_ACTIVE_ARCH = YES;
				SDKROOT = iphoneos;
				SWIFT_ACTIVE_COMPILATION_CONDITIONS = DEBUG;
				SWIFT_OPTIMIZATION_LEVEL = "-Onone";
			};
			name = Debug;
		};
		DEB790EB1EC7F12F004FE1DA /* Release */ = {
			isa = XCBuildConfiguration;
			buildSettings = {
				ALWAYS_SEARCH_USER_PATHS = NO;
				CLANG_ANALYZER_NONNULL = YES;
				CLANG_CXX_LANGUAGE_STANDARD = "gnu++0x";
				CLANG_CXX_LIBRARY = "libc++";
				CLANG_ENABLE_MODULES = YES;
				CLANG_ENABLE_OBJC_ARC = YES;
				CLANG_WARN_BOOL_CONVERSION = YES;
				CLANG_WARN_CONSTANT_CONVERSION = YES;
				CLANG_WARN_DIRECT_OBJC_ISA_USAGE = YES_ERROR;
				CLANG_WARN_DOCUMENTATION_COMMENTS = YES;
				CLANG_WARN_EMPTY_BODY = YES;
				CLANG_WARN_ENUM_CONVERSION = YES;
				CLANG_WARN_INFINITE_RECURSION = YES;
				CLANG_WARN_INT_CONVERSION = YES;
				CLANG_WARN_OBJC_ROOT_CLASS = YES_ERROR;
				CLANG_WARN_SUSPICIOUS_MOVE = YES;
				CLANG_WARN_UNREACHABLE_CODE = YES;
				CLANG_WARN__DUPLICATE_METHOD_MATCH = YES;
				"CODE_SIGN_IDENTITY[sdk=iphoneos*]" = "iPhone Developer";
				COPY_PHASE_STRIP = NO;
				DEBUG_INFORMATION_FORMAT = "dwarf-with-dsym";
				ENABLE_NS_ASSERTIONS = NO;
				ENABLE_STRICT_OBJC_MSGSEND = YES;
				GCC_C_LANGUAGE_STANDARD = gnu99;
				GCC_NO_COMMON_BLOCKS = YES;
				GCC_WARN_64_TO_32_BIT_CONVERSION = YES;
				GCC_WARN_ABOUT_RETURN_TYPE = YES_ERROR;
				GCC_WARN_UNDECLARED_SELECTOR = YES;
				GCC_WARN_UNINITIALIZED_AUTOS = YES_AGGRESSIVE;
				GCC_WARN_UNUSED_FUNCTION = YES;
				GCC_WARN_UNUSED_VARIABLE = YES;
				IPHONEOS_DEPLOYMENT_TARGET = 10.2;
				MTL_ENABLE_DEBUG_INFO = NO;
				SDKROOT = iphoneos;
				SWIFT_OPTIMIZATION_LEVEL = "-Owholemodule";
				VALIDATE_PRODUCT = YES;
			};
			name = Release;
		};
		DEB790ED1EC7F12F004FE1DA /* Debug */ = {
			isa = XCBuildConfiguration;
			baseConfigurationReference = 003A963B03621A266672C7E7 /* Pods-pifluits.debug.xcconfig */;
			buildSettings = {
				ASSETCATALOG_COMPILER_APPICON_NAME = AppIcon;
				DEVELOPMENT_TEAM = V4HHTE5HWR;
				INFOPLIST_FILE = pifluits/Info.plist;
				IPHONEOS_DEPLOYMENT_TARGET = 10.0;
				LD_RUNPATH_SEARCH_PATHS = "$(inherited) @executable_path/Frameworks";
				PRODUCT_BUNDLE_IDENTIFIER = yumiH.edu.pifluits;
				PRODUCT_NAME = "$(TARGET_NAME)";
				SWIFT_VERSION = 3.0;
			};
			name = Debug;
		};
		DEB790EE1EC7F12F004FE1DA /* Release */ = {
			isa = XCBuildConfiguration;
			baseConfigurationReference = C72E6FF53CF18378169418E5 /* Pods-pifluits.release.xcconfig */;
			buildSettings = {
				ASSETCATALOG_COMPILER_APPICON_NAME = AppIcon;
				DEVELOPMENT_TEAM = V4HHTE5HWR;
				INFOPLIST_FILE = pifluits/Info.plist;
				IPHONEOS_DEPLOYMENT_TARGET = 10.0;
				LD_RUNPATH_SEARCH_PATHS = "$(inherited) @executable_path/Frameworks";
				PRODUCT_BUNDLE_IDENTIFIER = yumiH.edu.pifluits;
				PRODUCT_NAME = "$(TARGET_NAME)";
				SWIFT_VERSION = 3.0;
			};
			name = Release;
		};
/* End XCBuildConfiguration section */

/* Begin XCConfigurationList section */
		DEB790D21EC7F12F004FE1DA /* Build configuration list for PBXProject "pifluits" */ = {
			isa = XCConfigurationList;
			buildConfigurations = (
				DEB790EA1EC7F12F004FE1DA /* Debug */,
				DEB790EB1EC7F12F004FE1DA /* Release */,
			);
			defaultConfigurationIsVisible = 0;
			defaultConfigurationName = Release;
		};
		DEB790EC1EC7F12F004FE1DA /* Build configuration list for PBXNativeTarget "pifluits" */ = {
			isa = XCConfigurationList;
			buildConfigurations = (
				DEB790ED1EC7F12F004FE1DA /* Debug */,
				DEB790EE1EC7F12F004FE1DA /* Release */,
			);
			defaultConfigurationIsVisible = 0;
			defaultConfigurationName = Release;
		};
/* End XCConfigurationList section */

/* Begin XCVersionGroup section */
		DEB790E11EC7F12F004FE1DA /* pifluits.xcdatamodeld */ = {
			isa = XCVersionGroup;
			children = (
				DEB790E21EC7F12F004FE1DA /* pifluits.xcdatamodel */,
			);
			currentVersion = DEB790E21EC7F12F004FE1DA /* pifluits.xcdatamodel */;
			path = pifluits.xcdatamodeld;
			sourceTree = "<group>";
			versionGroupType = wrapper.xcdatamodel;
		};
/* End XCVersionGroup section */
	};
	rootObject = DEB790CF1EC7F12F004FE1DA /* Project object */;
}
